
Microsoft Visual Studio Solution File, Format Version 12.00
# Visual Studio Version 16
VisualStudioVersion = 16.0.32228.343
MinimumVisualStudioVersion = 10.0.40219.1
Project("{FAE04EC0-301F-11D3-BF4B-00C04F79EFBC}") = "lab03", "lab03\lab03.csproj", "{1C48A5FB-E648-4A25-86A7-0629DC7D6D9B}"
EndProject
Global
	GlobalSection(SolutionConfigurationPlatforms) = preSolution
		Debug|Any CPU = Debug|Any CPU
		Release|Any CPU = Release|Any CPU
	EndGlobalSection
	GlobalSection(ProjectConfigurationPlatforms) = postSolution
		{1C48A5FB-E648-4A25-86A7-0629DC7D6D9B}.Debug|Any CPU.ActiveCfg = Debug|Any CPU
		{1C48A5FB-E648-4A25-86A7-0629DC7D6D9B}.Debug|Any CPU.Build.0 = Debug|Any CPU
		{1C48A5FB-E648-4A25-86A7-0629DC7D6D9B}.Release|Any CPU.ActiveCfg = Release|Any CPU
		{1C48A5FB-E648-4A25-86A7-0629DC7D6D9B}.Release|Any CPU.Build.0 = Release|Any CPU
	EndGlobalSection
	GlobalSection(SolutionProperties) = preSolution
		HideSolutionNode = FALSE
	EndGlobalSection
	GlobalSection(ExtensibilityGlobals) = postSolution
		SolutionGuid = {D71650D3-1918-4CF3-B564-6D43CAC5BFD0}
	EndGlobalSection
EndGlobal
